{
  "name": "module-transpiler",
  "version": "1.0.0",
  "lockfileVersion": 2,
  "requires": true,
  "packages": {
    "": {
      "name": "module-transpiler",
      "version": "1.0.0",
      "license": "ISC",
      "dependencies": {
        "es6-module-transpiler": "^0.10.0"
      }
    },
    "node_modules/amdefine": {
      "version": "1.0.1",
      "resolved": "https://registry.npmmirror.com/amdefine/-/amdefine-1.0.1.tgz",
      "integrity": "sha512-S2Hw0TtNkMJhIabBwIojKL9YHO5T0n5eNqWJ7Lrlel/zDbftQpxpapi8tZs3X1HWa+u+QeydGmzzNU0m09+Rcg==",
      "engines": {
        "node": ">=0.4.2"
      }
    },
    "node_modules/ast-types": {
      "version": "0.5.7",
      "resolved": "https://registry.npmmirror.com/ast-types/-/ast-types-0.5.7.tgz",
      "integrity": "sha512-Qw7Z94dg/uQ5FSo15gVC8wiW2jhFcmmPQnSoN/eZraaCKLrArIMwvUjY0ehH7Iza/Ue+t/N4LCyodJkywnCWpw==",
      "dependencies": {
        "depd": "~1.0.0"
      },
      "engines": {
        "node": ">= 0.6"
      }
    },
    "node_modules/ast-util": {
      "version": "0.5.2",
      "resolved": "https://registry.npmmirror.com/ast-util/-/ast-util-0.5.2.tgz",
      "integrity": "sha512-ZDZp/UnPMXCsSUD88U7eNv63o1G4cQlMt3MllOOlUOtggla455xYoqTY47zC/lhHINBd7y0Jp7Wm/Lm8ZLkGNA==",
      "dependencies": {
        "ast-types": "~0.5.3",
        "private": "~0.1.5"
      }
    },
    "node_modules/depd": {
      "version": "1.0.1",
      "resolved": "https://registry.npmmirror.com/depd/-/depd-1.0.1.tgz",
      "integrity": "sha512-OEWAMbCkK9IWQ8pfTvHBhCSqHgR+sk5pbiYqq0FqfARG4Cy+cRsCbITx6wh5pcsmfBPiJAcbd98tfdz5fnBbag==",
      "engines": {
        "node": ">= 0.6"
      }
    },
    "node_modules/es6-module-transpiler": {
      "version": "0.10.0",
      "resolved": "https://registry.npmmirror.com/es6-module-transpiler/-/es6-module-transpiler-0.10.0.tgz",
      "integrity": "sha512-HD/upPvLtQ74AVtv4jrXom3jtCooqL7ldzT9dk/LdfBqve9ET9R2Mw6lgZrc0VI2kQ0jELzg1MmSZnbYSu+OJg==",
      "dependencies": {
        "ast-util": "^0.5.1",
        "esprima-fb": "^7001.1.0-dev-harmony-fb",
        "posix-getopt": "^1.0.0",
        "recast": "^0.9.5",
        "reserved": "^0.1.2"
      },
      "bin": {
        "compile-modules": "bin/compile-modules"
      }
    },
    "node_modules/esprima-fb": {
      "version": "7001.1.0-dev-harmony-fb",
      "resolved": "https://registry.npmmirror.com/esprima-fb/-/esprima-fb-7001.1.0-dev-harmony-fb.tgz",
      "integrity": "sha512-qzX/Ne6UgpWZTAf3png5Wkb/QNTvujiTdyvQ7oSnCmASTMZM/s3p22dpNBotx5YKvm8B0VYBO5qbAW/M7rlcpw==",
      "bin": {
        "esparse": "bin/esparse.js",
        "esvalidate": "bin/esvalidate.js"
      },
      "engines": {
        "node": ">=0.4.0"
      }
    },
    "node_modules/posix-getopt": {
      "version": "1.2.1",
      "resolved": "https://registry.npmmirror.com/posix-getopt/-/posix-getopt-1.2.1.tgz",
      "integrity": "sha512-BbGTiH8MOWAuc6h5yITkSn9k3HP4+QOCV9t6I5F62OrH7zqTHRo08QNsgELRreTBxcvRhbSpMoUnAx77Dz4yUA==",
      "engines": {
        "node": "*"
      }
    },
    "node_modules/private": {
      "version": "0.1.8",
      "resolved": "https://registry.npmmirror.com/private/-/private-0.1.8.tgz",
      "integrity": "sha512-VvivMrbvd2nKkiG38qjULzlc+4Vx4wm/whI9pQD35YrARNnhxeiRktSOhSukRLFNlzg6Br/cJPet5J/u19r/mg==",
      "engines": {
        "node": ">= 0.6"
      }
    },
    "node_modules/recast": {
      "version": "0.9.18",
      "resolved": "https://registry.npmmirror.com/recast/-/recast-0.9.18.tgz",
      "integrity": "sha512-qfZlszAP8SYk88XkPDQBt2uSrCjpCK91xzxsnj28W4/AcPC3lQ2goJSmTCZC92SHFk3PxpodAQRe6YtgvUmlkA==",
      "dependencies": {
        "ast-types": "~0.6.1",
        "esprima-fb": "~10001.1.0-dev-harmony-fb",
        "private": "~0.1.5",
        "source-map": "~0.1.40"
      },
      "engines": {
        "node": ">= 0.8"
      }
    },
    "node_modules/recast/node_modules/ast-types": {
      "version": "0.6.16",
      "resolved": "https://registry.npmmirror.com/ast-types/-/ast-types-0.6.16.tgz",
      "integrity": "sha512-RhFLnSepxd+6FBmMSF9Po91dsYHf6ARPcH4Co6Csx906M5ZRyxS1nJn4vqSOXlNt3YzgwlmQFzztAhFxjqe/dA==",
      "engines": {
        "node": ">= 0.6"
      }
    },
    "node_modules/recast/node_modules/esprima-fb": {
      "version": "10001.1.0-dev-harmony-fb",
      "resolved": "https://registry.npmmirror.com/esprima-fb/-/esprima-fb-10001.1.0-dev-harmony-fb.tgz",
      "integrity": "sha512-z2dx3A/ZGNamsDjJS4FZPXnpoRCEkQXqouKBCOaJifyx4HkEVoSQ3YWFX18Scut1Aq9gnctzLWcWJgKkL0xNQw==",
      "bin": {
        "esparse": "bin/esparse.js",
        "esvalidate": "bin/esvalidate.js"
      },
      "engines": {
        "node": ">=0.4.0"
      }
    },
    "node_modules/reserved": {
      "version": "0.1.2",
      "resolved": "https://registry.npmmirror.com/reserved/-/reserved-0.1.2.tgz",
      "integrity": "sha512-/qO54MWj5L8WCBP9/UNe2iefJc+L9yETbH32xO/ft/EYPOTCR5k+azvDUgdCOKwZH8hXwPd0b8XBL78Nn2U69g==",
      "engines": {
        "node": ">=0.8"
      }
    },
    "node_modules/source-map": {
      "version": "0.1.43",
      "resolved": "https://registry.npmmirror.com/source-map/-/source-map-0.1.43.tgz",
      "integrity": "sha512-VtCvB9SIQhk3aF6h+N85EaqIaBFIAfZ9Cu+NJHHVvc8BbEcnvDcFw6sqQ2dQrT6SlOrZq3tIvyD9+EGq/lJryQ==",
      "dependencies": {
        "amdefine": ">=0.0.4"
      },
      "engines": {
        "node": ">=0.8.0"
      }
    }
  },
  "dependencies": {
    "amdefine": {
      "version": "1.0.1",
      "resolved": "https://registry.npmmirror.com/amdefine/-/amdefine-1.0.1.tgz",
      "integrity": "sha512-S2Hw0TtNkMJhIabBwIojKL9YHO5T0n5eNqWJ7Lrlel/zDbftQpxpapi8tZs3X1HWa+u+QeydGmzzNU0m09+Rcg=="
    },
    "ast-types": {
      "version": "0.5.7",
      "resolved": "https://registry.npmmirror.com/ast-types/-/ast-types-0.5.7.tgz",
      "integrity": "sha512-Qw7Z94dg/uQ5FSo15gVC8wiW2jhFcmmPQnSoN/eZraaCKLrArIMwvUjY0ehH7Iza/Ue+t/N4LCyodJkywnCWpw==",
      "requires": {
        "depd": "~1.0.0"
      }
    },
    "ast-util": {
      "version": "0.5.2",
      "resolved": "https://registry.npmmirror.com/ast-util/-/ast-util-0.5.2.tgz",
      "integrity": "sha512-ZDZp/UnPMXCsSUD88U7eNv63o1G4cQlMt3MllOOlUOtggla455xYoqTY47zC/lhHINBd7y0Jp7Wm/Lm8ZLkGNA==",
      "requires": {
        "ast-types": "~0.5.3",
        "private": "~0.1.5"
      }
    },
    "depd": {
      "version": "1.0.1",
      "resolved": "https://registry.npmmirror.com/depd/-/depd-1.0.1.tgz",
      "integrity": "sha512-OEWAMbCkK9IWQ8pfTvHBhCSqHgR+sk5pbiYqq0FqfARG4Cy+cRsCbITx6wh5pcsmfBPiJAcbd98tfdz5fnBbag=="
    },
    "es6-module-transpiler": {
      "version": "0.10.0",
      "resolved": "https://registry.npmmirror.com/es6-module-transpiler/-/es6-module-transpiler-0.10.0.tgz",
      "integrity": "sha512-HD/upPvLtQ74AVtv4jrXom3jtCooqL7ldzT9dk/LdfBqve9ET9R2Mw6lgZrc0VI2kQ0jELzg1MmSZnbYSu+OJg==",
      "requires": {
        "ast-util": "^0.5.1",
        "esprima-fb": "^7001.1.0-dev-harmony-fb",
        "posix-getopt": "^1.0.0",
        "recast": "^0.9.5",
        "reserved": "^0.1.2"
      }
    },
    "esprima-fb": {
      "version": "7001.1.0-dev-harmony-fb",
      "resolved": "https://registry.npmmirror.com/esprima-fb/-/esprima-fb-7001.1.0-dev-harmony-fb.tgz",
      "integrity": "sha512-qzX/Ne6UgpWZTAf3png5Wkb/QNTvujiTdyvQ7oSnCmASTMZM/s3p22dpNBotx5YKvm8B0VYBO5qbAW/M7rlcpw=="
    },
    "posix-getopt": {
      "version": "1.2.1",
      "resolved": "https://registry.npmmirror.com/posix-getopt/-/posix-getopt-1.2.1.tgz",
      "integrity": "sha512-BbGTiH8MOWAuc6h5yITkSn9k3HP4+QOCV9t6I5F62OrH7zqTHRo08QNsgELRreTBxcvRhbSpMoUnAx77Dz4yUA=="
    },
    "private": {
      "version": "0.1.8",
      "resolved": "https://registry.npmmirror.com/private/-/private-0.1.8.tgz",
      "integrity": "sha512-VvivMrbvd2nKkiG38qjULzlc+4Vx4wm/whI9pQD35YrARNnhxeiRktSOhSukRLFNlzg6Br/cJPet5J/u19r/mg=="
    },
    "recast": {
      "version": "0.9.18",
      "resolved": "https://registry.npmmirror.com/recast/-/recast-0.9.18.tgz",
      "integrity": "sha512-qfZlszAP8SYk88XkPDQBt2uSrCjpCK91xzxsnj28W4/AcPC3lQ2goJSmTCZC92SHFk3PxpodAQRe6YtgvUmlkA==",
      "requires": {
        "ast-types": "~0.6.1",
        "esprima-fb": "~10001.1.0-dev-harmony-fb",
        "private": "~0.1.5",
        "source-map": "~0.1.40"
      },
      "dependencies": {
        "ast-types": {
          "version": "0.6.16",
          "resolved": "https://registry.npmmirror.com/ast-types/-/ast-types-0.6.16.tgz",
          "integrity": "sha512-RhFLnSepxd+6FBmMSF9Po91dsYHf6ARPcH4Co6Csx906M5ZRyxS1nJn4vqSOXlNt3YzgwlmQFzztAhFxjqe/dA=="
        },
        "esprima-fb": {
          "version": "10001.1.0-dev-harmony-fb",
          "resolved": "https://registry.npmmirror.com/esprima-fb/-/esprima-fb-10001.1.0-dev-harmony-fb.tgz",
          "integrity": "sha512-z2dx3A/ZGNamsDjJS4FZPXnpoRCEkQXqouKBCOaJifyx4HkEVoSQ3YWFX18Scut1Aq9gnctzLWcWJgKkL0xNQw=="
        }
      }
    },
    "reserved": {
      "version": "0.1.2",
      "resolved": "https://registry.npmmirror.com/reserved/-/reserved-0.1.2.tgz",
      "integrity": "sha512-/qO54MWj5L8WCBP9/UNe2iefJc+L9yETbH32xO/ft/EYPOTCR5k+azvDUgdCOKwZH8hXwPd0b8XBL78Nn2U69g=="
    },
    "source-map": {
      "version": "0.1.43",
      "resolved": "https://registry.npmmirror.com/source-map/-/source-map-0.1.43.tgz",
      "integrity": "sha512-VtCvB9SIQhk3aF6h+N85EaqIaBFIAfZ9Cu+NJHHVvc8BbEcnvDcFw6sqQ2dQrT6SlOrZq3tIvyD9+EGq/lJryQ==",
      "requires": {
        "amdefine": ">=0.0.4"
      }
    }
  }
}
