{
  "name": "ts-test",
  "version": "1.0.0",
  "lockfileVersion": 2,
  "requires": true,
  "packages": {
    "": {
      "version": "1.0.0",
      "license": "ISC",
      "dependencies": {
        "@types/node": "^14.14.16"
      }
    },
    "node_modules/@types/node": {
      "version": "14.14.16",
      "resolved": "http://192.168.14.11:8888/@types%2fnode/-/node-14.14.16.tgz",
      "integrity": "sha1-PMNR+NSBAd6t/tTJ5PEWBI1De0s="
    }
  },
  "dependencies": {
    "@types/node": {
      "version": "14.14.16",
      "resolved": "http://192.168.14.11:8888/@types%2fnode/-/node-14.14.16.tgz",
      "integrity": "sha1-PMNR+NSBAd6t/tTJ5PEWBI1De0s="
    }
  }
}
