{
  "name": "re",
  "version": "1.0.0",
  "lockfileVersion": 1,
  "requires": true,
  "dependencies": {
    "@types/node": {
      "version": "12.11.7",
      "resolved": "https://registry.npm.taobao.org/@types/node/download/@types/node-12.11.7.tgz",
      "integrity": "sha1-V2gql3Gj97CcJJfygSmgRilmUko="
    }
  }
}
